
Microsoft Visual Studio Solution File, Format Version 12.00
# Visual Studio Version 17
VisualStudioVersion = 17.11.35303.130
MinimumVisualStudioVersion = 10.0.40219.1
Project("{FAE04EC0-301F-11D3-BF4B-00C04F79EFBC}") = "nails sack", "nails sack\nails sack.csproj", "{BFCBAC7C-9560-429D-9371-12C95E716459}"
EndProject
Global
	GlobalSection(SolutionConfigurationPlatforms) = preSolution
		Debug|Any CPU = Debug|Any CPU
		Release|Any CPU = Release|Any CPU
	EndGlobalSection
	GlobalSection(ProjectConfigurationPlatforms) = postSolution
		{BFCBAC7C-9560-429D-9371-12C95E716459}.Debug|Any CPU.ActiveCfg = Debug|Any CPU
		{BFCBAC7C-9560-429D-9371-12C95E716459}.Debug|Any CPU.Build.0 = Debug|Any CPU
		{BFCBAC7C-9560-429D-9371-12C95E716459}.Release|Any CPU.ActiveCfg = Release|Any CPU
		{BFCBAC7C-9560-429D-9371-12C95E716459}.Release|Any CPU.Build.0 = Release|Any CPU
	EndGlobalSection
	GlobalSection(SolutionProperties) = preSolution
		HideSolutionNode = FALSE
	EndGlobalSection
	GlobalSection(ExtensibilityGlobals) = postSolution
		SolutionGuid = {1FEFC91D-29D0-4FEA-A3CF-451B8B5AE035}
	EndGlobalSection
EndGlobal
